
Microsoft Visual Studio Solution File, Format Version 12.00
# Visual Studio Version 17
VisualStudioVersion = 17.0.31903.59
MinimumVisualStudioVersion = 10.0.40219.1
Project("{2150E333-8FDC-42A3-9474-1A3956D46DE8}") = "Lab1", "Lab1", "{1979D85B-E8D3-4E5F-B019-61A812A46F4B}"
EndProject
Project("{FAE04EC0-301F-11D3-BF4B-00C04F79EFBC}") = "App", "Lab1\App\App.csproj", "{F01AE476-2D9D-4BE3-81DB-CF264ABA8A1F}"
EndProject
Project("{FAE04EC0-301F-11D3-BF4B-00C04F79EFBC}") = "Tests", "Lab1\Tests\Tests.csproj", "{ED5D72FD-5E74-4846-A8D3-625CC1EF7FC3}"
EndProject
Project("{2150E333-8FDC-42A3-9474-1A3956D46DE8}") = "Lab2", "Lab2", "{C03FF809-BBBE-45E1-8D8C-350EBF7A1289}"
EndProject
Project("{FAE04EC0-301F-11D3-BF4B-00C04F79EFBC}") = "App", "Lab2\App\App.csproj", "{080CB984-20FF-40DB-94A9-E4B24A2423FB}"
EndProject
Project("{FAE04EC0-301F-11D3-BF4B-00C04F79EFBC}") = "Tests", "Lab2\Tests\Tests.csproj", "{35549D3E-7432-467F-87C8-E169F8C05FB9}"
EndProject
Global
	GlobalSection(SolutionConfigurationPlatforms) = preSolution
		Debug|Any CPU = Debug|Any CPU
		Release|Any CPU = Release|Any CPU
	EndGlobalSection
	GlobalSection(SolutionProperties) = preSolution
		HideSolutionNode = FALSE
	EndGlobalSection
	GlobalSection(ProjectConfigurationPlatforms) = postSolution
		{F01AE476-2D9D-4BE3-81DB-CF264ABA8A1F}.Debug|Any CPU.ActiveCfg = Debug|Any CPU
		{F01AE476-2D9D-4BE3-81DB-CF264ABA8A1F}.Debug|Any CPU.Build.0 = Debug|Any CPU
		{F01AE476-2D9D-4BE3-81DB-CF264ABA8A1F}.Release|Any CPU.ActiveCfg = Release|Any CPU
		{F01AE476-2D9D-4BE3-81DB-CF264ABA8A1F}.Release|Any CPU.Build.0 = Release|Any CPU
		{ED5D72FD-5E74-4846-A8D3-625CC1EF7FC3}.Debug|Any CPU.ActiveCfg = Debug|Any CPU
		{ED5D72FD-5E74-4846-A8D3-625CC1EF7FC3}.Debug|Any CPU.Build.0 = Debug|Any CPU
		{ED5D72FD-5E74-4846-A8D3-625CC1EF7FC3}.Release|Any CPU.ActiveCfg = Release|Any CPU
		{ED5D72FD-5E74-4846-A8D3-625CC1EF7FC3}.Release|Any CPU.Build.0 = Release|Any CPU
		{080CB984-20FF-40DB-94A9-E4B24A2423FB}.Debug|Any CPU.ActiveCfg = Debug|Any CPU
		{080CB984-20FF-40DB-94A9-E4B24A2423FB}.Debug|Any CPU.Build.0 = Debug|Any CPU
		{080CB984-20FF-40DB-94A9-E4B24A2423FB}.Release|Any CPU.ActiveCfg = Release|Any CPU
		{080CB984-20FF-40DB-94A9-E4B24A2423FB}.Release|Any CPU.Build.0 = Release|Any CPU
		{35549D3E-7432-467F-87C8-E169F8C05FB9}.Debug|Any CPU.ActiveCfg = Debug|Any CPU
		{35549D3E-7432-467F-87C8-E169F8C05FB9}.Debug|Any CPU.Build.0 = Debug|Any CPU
		{35549D3E-7432-467F-87C8-E169F8C05FB9}.Release|Any CPU.ActiveCfg = Release|Any CPU
		{35549D3E-7432-467F-87C8-E169F8C05FB9}.Release|Any CPU.Build.0 = Release|Any CPU
	EndGlobalSection
	GlobalSection(NestedProjects) = preSolution
		{F01AE476-2D9D-4BE3-81DB-CF264ABA8A1F} = {1979D85B-E8D3-4E5F-B019-61A812A46F4B}
		{ED5D72FD-5E74-4846-A8D3-625CC1EF7FC3} = {1979D85B-E8D3-4E5F-B019-61A812A46F4B}
		{080CB984-20FF-40DB-94A9-E4B24A2423FB} = {C03FF809-BBBE-45E1-8D8C-350EBF7A1289}
		{35549D3E-7432-467F-87C8-E169F8C05FB9} = {C03FF809-BBBE-45E1-8D8C-350EBF7A1289}
	EndGlobalSection
EndGlobal
